
Microsoft Visual Studio Solution File, Format Version 12.00
# Visual Studio Version 16
VisualStudioVersion = 16.0.30621.155
MinimumVisualStudioVersion = 10.0.40219.1
Project("{9A19103F-16F7-4668-BE54-9A1E7A4F7556}") = "ModelLib", "ModelLib\ModelLib.csproj", "{DC038355-CD1B-4135-BDE3-8D7F02EF09A1}"
EndProject
Project("{9A19103F-16F7-4668-BE54-9A1E7A4F7556}") = "SmartCanteenREST", "SmartCanteenREST\SmartCanteenREST.csproj", "{03761B9C-D861-4560-8DF5-BCF0A89A1139}"
EndProject
Project("{9A19103F-16F7-4668-BE54-9A1E7A4F7556}") = "UdpProxy", "UdpProxy\UdpProxy.csproj", "{21CAAFD2-8FA7-4829-ABA5-F43335FBD159}"
EndProject
Project("{FAE04EC0-301F-11D3-BF4B-00C04F79EFBC}") = "UITestHTML", "UITestHTML\UITestHTML.csproj", "{244FEDC2-7FC4-4786-950A-E6CDAF6681C8}"
EndProject
Global
	GlobalSection(SolutionConfigurationPlatforms) = preSolution
		Debug|Any CPU = Debug|Any CPU
		Release|Any CPU = Release|Any CPU
	EndGlobalSection
	GlobalSection(ProjectConfigurationPlatforms) = postSolution
		{DC038355-CD1B-4135-BDE3-8D7F02EF09A1}.Debug|Any CPU.ActiveCfg = Debug|Any CPU
		{DC038355-CD1B-4135-BDE3-8D7F02EF09A1}.Debug|Any CPU.Build.0 = Debug|Any CPU
		{DC038355-CD1B-4135-BDE3-8D7F02EF09A1}.Release|Any CPU.ActiveCfg = Release|Any CPU
		{DC038355-CD1B-4135-BDE3-8D7F02EF09A1}.Release|Any CPU.Build.0 = Release|Any CPU
		{03761B9C-D861-4560-8DF5-BCF0A89A1139}.Debug|Any CPU.ActiveCfg = Debug|Any CPU
		{03761B9C-D861-4560-8DF5-BCF0A89A1139}.Debug|Any CPU.Build.0 = Debug|Any CPU
		{03761B9C-D861-4560-8DF5-BCF0A89A1139}.Release|Any CPU.ActiveCfg = Release|Any CPU
		{03761B9C-D861-4560-8DF5-BCF0A89A1139}.Release|Any CPU.Build.0 = Release|Any CPU
		{21CAAFD2-8FA7-4829-ABA5-F43335FBD159}.Debug|Any CPU.ActiveCfg = Debug|Any CPU
		{21CAAFD2-8FA7-4829-ABA5-F43335FBD159}.Debug|Any CPU.Build.0 = Debug|Any CPU
		{21CAAFD2-8FA7-4829-ABA5-F43335FBD159}.Release|Any CPU.ActiveCfg = Release|Any CPU
		{21CAAFD2-8FA7-4829-ABA5-F43335FBD159}.Release|Any CPU.Build.0 = Release|Any CPU
		{244FEDC2-7FC4-4786-950A-E6CDAF6681C8}.Debug|Any CPU.ActiveCfg = Debug|Any CPU
		{244FEDC2-7FC4-4786-950A-E6CDAF6681C8}.Debug|Any CPU.Build.0 = Debug|Any CPU
		{244FEDC2-7FC4-4786-950A-E6CDAF6681C8}.Release|Any CPU.ActiveCfg = Release|Any CPU
		{244FEDC2-7FC4-4786-950A-E6CDAF6681C8}.Release|Any CPU.Build.0 = Release|Any CPU
	EndGlobalSection
	GlobalSection(SolutionProperties) = preSolution
		HideSolutionNode = FALSE
	EndGlobalSection
	GlobalSection(ExtensibilityGlobals) = postSolution
		SolutionGuid = {6DDBF200-FF30-49ED-9B90-32341A7729B7}
	EndGlobalSection
EndGlobal
